// !$*UTF8*$!
{
	archiveVersion = 1;
	classes = {
	};
	objectVersion = 70;
	objects = {

/* Begin PBXBuildFile section */
		4CB225762F77260D0075874E /* FirebaseInstallations in Frameworks */ = {isa = PBXBuildFile; productRef = 4CB225752F77260D0075874E /* FirebaseInstallations */; };
		4CB225782F7726500075874E /* FirebaseMessaging in Frameworks */ = {isa = PBXBuildFile; productRef = 4CB225772F7726500075874E /* FirebaseMessaging */; };
		508AF9C6D67C4CD29DE10A16 /* TweetNacl in Frameworks */ = {isa = PBXBuildFile; productRef = 2B166ABF94584FEF9C368C81 /* TweetNacl */; };
		88FB56E02EE0AB2F0014EC5F /* CLAUDE.md in Resources */ = {isa = PBXBuildFile; fileRef = 88FB56DF2EE0AB2F0014EC5F /* CLAUDE.md */; };
		88FB56E52EE0AB810014EC5F /* README.md in Resources */ = {isa = PBXBuildFile; fileRef = 88FB56E32EE0AB810014EC5F /* README.md */; };
		88FB56E62EE0AB810014EC5F /* 2025-11-27-swap-rpc-analysis.md in Resources */ = {isa = PBXBuildFile; fileRef = 88FB56E12EE0AB810014EC5F /* 2025-11-27-swap-rpc-analysis.md */; };
		88FB56E82EE0C3150014EC5F /* 2025-12-03-swap-models-startswap.md in Resources */ = {isa = PBXBuildFile; fileRef = 88FB56E72EE0C3150014EC5F /* 2025-12-03-swap-models-startswap.md */; };
		9A017D692EAC1DE200216925 /* Kingfisher in Frameworks */ = {isa = PBXBuildFile; productRef = 9A017D682EAC1DE200216925 /* Kingfisher */; };
		9A444EE72E8C414D002B1E39 /* BigDecimal in Frameworks */ = {isa = PBXBuildFile; productRef = 9A444EE62E8C414D002B1E39 /* BigDecimal */; };
		9A780F972EDF817D009BC4D9 /* CodeScanner in Frameworks */ = {isa = PBXBuildFile; productRef = 9A780F962EDF817D009BC4D9 /* CodeScanner */; };
		9ABDD1952D9D7B61006B6CDA /* FlipcashCore in Frameworks */ = {isa = PBXBuildFile; productRef = 9ABDD1942D9D7B61006B6CDA /* FlipcashCore */; };
		9AC011182DA4320F0030298E /* FlipcashUI in Frameworks */ = {isa = PBXBuildFile; productRef = 9AC011172DA4320F0030298E /* FlipcashUI */; };
		9AC0156C2DA576FA0030298E /* opencv2.framework in Frameworks */ = {isa = PBXBuildFile; fileRef = 9AD5E64B25F2BF3E007388AE /* opencv2.framework */; };
		9AD1265E2DA98ADC0048141F /* SQLite in Frameworks */ = {isa = PBXBuildFile; productRef = 9AD1265D2DA98ADC0048141F /* SQLite */; };
		9ADEF1D72DD627C0001B260A /* Bugsnag in Frameworks */ = {isa = PBXBuildFile; productRef = 9ADEF1D62DD627C0001B260A /* Bugsnag */; };
		9ADEF1D92DD627C6001B260A /* Mixpanel in Frameworks */ = {isa = PBXBuildFile; productRef = 9ADEF1D82DD627C6001B260A /* Mixpanel */; };
/* End PBXBuildFile section */

/* Begin PBXContainerItemProxy section */
		9A516F8A2D9B12EA00AF478B /* PBXContainerItemProxy */ = {
			isa = PBXContainerItemProxy;
			containerPortal = 9AED10F8258BE1310088D902 /* Project object */;
			proxyType = 1;
			remoteGlobalIDString = 9A516F792D9B12E800AF478B;
			remoteInfo = Flipcash;
		};
		9A516F942D9B12EA00AF478B /* PBXContainerItemProxy */ = {
			isa = PBXContainerItemProxy;
			containerPortal = 9AED10F8258BE1310088D902 /* Project object */;
			proxyType = 1;
			remoteGlobalIDString = 9A516F792D9B12E800AF478B;
			remoteInfo = Flipcash;
		};
/* End PBXContainerItemProxy section */

/* Begin PBXFileReference section */
		88FB56DF2EE0AB2F0014EC5F /* CLAUDE.md */ = {isa = PBXFileReference; lastKnownFileType = net.daringfireball.markdown; path = CLAUDE.md; sourceTree = "<group>"; };
		88FB56E12EE0AB810014EC5F /* 2025-11-27-swap-rpc-analysis.md */ = {isa = PBXFileReference; lastKnownFileType = net.daringfireball.markdown; path = "2025-11-27-swap-rpc-analysis.md"; sourceTree = "<group>"; };
		88FB56E32EE0AB810014EC5F /* README.md */ = {isa = PBXFileReference; lastKnownFileType = net.daringfireball.markdown; path = README.md; sourceTree = "<group>"; };
		88FB56E72EE0C3150014EC5F /* 2025-12-03-swap-models-startswap.md */ = {isa = PBXFileReference; lastKnownFileType = net.daringfireball.markdown; path = "2025-12-03-swap-models-startswap.md"; sourceTree = "<group>"; };
		9A0C7F8E2DA0379A0018C7CB /* FlipcashUI */ = {isa = PBXFileReference; lastKnownFileType = wrapper; path = FlipcashUI; sourceTree = "<group>"; };
		9A43F0102D9C357900CE8817 /* FlipcashCore */ = {isa = PBXFileReference; lastKnownFileType = wrapper; path = FlipcashCore; sourceTree = "<group>"; };
		9A516F7A2D9B12E900AF478B /* Flipcash.app */ = {isa = PBXFileReference; explicitFileType = wrapper.application; includeInIndex = 0; path = Flipcash.app; sourceTree = BUILT_PRODUCTS_DIR; };
		9A516F892D9B12EA00AF478B /* FlipcashTests.xctest */ = {isa = PBXFileReference; explicitFileType = wrapper.cfbundle; includeInIndex = 0; path = FlipcashTests.xctest; sourceTree = BUILT_PRODUCTS_DIR; };
		9A516F932D9B12EA00AF478B /* FlipcashUITests.xctest */ = {isa = PBXFileReference; explicitFileType = wrapper.cfbundle; includeInIndex = 0; path = FlipcashUITests.xctest; sourceTree = BUILT_PRODUCTS_DIR; };
		9A592D762B17AF5500735BB0 /* base.xcconfig */ = {isa = PBXFileReference; lastKnownFileType = text.xcconfig; path = base.xcconfig; sourceTree = "<group>"; };
		9AA197072CE51ABB00FE1703 /* CodeCurves */ = {isa = PBXFileReference; lastKnownFileType = wrapper; path = CodeCurves; sourceTree = "<group>"; };
		9ABDD1962D9D7C2E006B6CDA /* FlipcashAPI */ = {isa = PBXFileReference; lastKnownFileType = wrapper; path = FlipcashAPI; sourceTree = "<group>"; };
		9AD5E64B25F2BF3E007388AE /* opencv2.framework */ = {isa = PBXFileReference; lastKnownFileType = wrapper.framework; path = opencv2.framework; sourceTree = "<group>"; };
/* End PBXFileReference section */

/* Begin PBXFileSystemSynchronizedBuildFileExceptionSet section */
		4C025B362F69DC1F00914087 /* PBXFileSystemSynchronizedBuildFileExceptionSet */ = {
			isa = PBXFileSystemSynchronizedBuildFileExceptionSet;
			membershipExceptions = (
				Info.plist,
			);
			target = 9A516F922D9B12EA00AF478B /* FlipcashUITests */;
		};
		9AC0156E2DA579120030298E /* PBXFileSystemSynchronizedBuildFileExceptionSet */ = {
			isa = PBXFileSystemSynchronizedBuildFileExceptionSet;
			membershipExceptions = (
				"Supporting Files/apple-app-site-association",
				"Supporting Files/Info.plist",
			);
			target = 9A516F792D9B12E800AF478B /* Flipcash */;
		};
/* End PBXFileSystemSynchronizedBuildFileExceptionSet section */

/* Begin PBXFileSystemSynchronizedRootGroup section */
		9A516F7B2D9B12E900AF478B /* Flipcash */ = {isa = PBXFileSystemSynchronizedRootGroup; exceptions = (9AC0156E2DA579120030298E /* PBXFileSystemSynchronizedBuildFileExceptionSet */, ); explicitFileTypes = {}; explicitFolders = (); path = Flipcash; sourceTree = "<group>"; };
		9A516F8C2D9B12EA00AF478B /* FlipcashTests */ = {isa = PBXFileSystemSynchronizedRootGroup; explicitFileTypes = {}; explicitFolders = (); path = FlipcashTests; sourceTree = "<group>"; };
		9A516F962D9B12EA00AF478B /* FlipcashUITests */ = {isa = PBXFileSystemSynchronizedRootGroup; exceptions = (4C025B362F69DC1F00914087 /* PBXFileSystemSynchronizedBuildFileExceptionSet */, ); explicitFileTypes = {}; explicitFolders = (); path = FlipcashUITests; sourceTree = "<group>"; };
/* End PBXFileSystemSynchronizedRootGroup section */

/* Begin PBXFrameworksBuildPhase section */
		9A516F772D9B12E800AF478B /* Frameworks */ = {
			isa = PBXFrameworksBuildPhase;
			buildActionMask = 2147483647;
			files = (
				4CB225782F7726500075874E /* FirebaseMessaging in Frameworks */,
				4CB225762F77260D0075874E /* FirebaseInstallations in Frameworks */,
				9A780F972EDF817D009BC4D9 /* CodeScanner in Frameworks */,
				9AD1265E2DA98ADC0048141F /* SQLite in Frameworks */,
				9ADEF1D72DD627C0001B260A /* Bugsnag in Frameworks */,
				9A017D692EAC1DE200216925 /* Kingfisher in Frameworks */,
				9A444EE72E8C414D002B1E39 /* BigDecimal in Frameworks */,
				9AC011182DA4320F0030298E /* FlipcashUI in Frameworks */,
				508AF9C6D67C4CD29DE10A16 /* TweetNacl in Frameworks */,
				9AC0156C2DA576FA0030298E /* opencv2.framework in Frameworks */,
				9ABDD1952D9D7B61006B6CDA /* FlipcashCore in Frameworks */,
				9ADEF1D92DD627C6001B260A /* Mixpanel in Frameworks */,
			);
			runOnlyForDeploymentPostprocessing = 0;
		};
		9A516F862D9B12EA00AF478B /* Frameworks */ = {
			isa = PBXFrameworksBuildPhase;
			buildActionMask = 2147483647;
			files = (
			);
			runOnlyForDeploymentPostprocessing = 0;
		};
		9A516F902D9B12EA00AF478B /* Frameworks */ = {
			isa = PBXFrameworksBuildPhase;
			buildActionMask = 2147483647;
			files = (
			);
			runOnlyForDeploymentPostprocessing = 0;
		};
/* End PBXFrameworksBuildPhase section */

/* Begin PBXGroup section */
		88FB56E22EE0AB810014EC5F /* plans */ = {
			isa = PBXGroup;
			children = (
				88FB56E12EE0AB810014EC5F /* 2025-11-27-swap-rpc-analysis.md */,
				88FB56E72EE0C3150014EC5F /* 2025-12-03-swap-models-startswap.md */,
			);
			path = plans;
			sourceTree = "<group>";
		};
		88FB56E42EE0AB810014EC5F /* .claude */ = {
			isa = PBXGroup;
			children = (
				88FB56E22EE0AB810014EC5F /* plans */,
				88FB56E32EE0AB810014EC5F /* README.md */,
			);
			path = .claude;
			sourceTree = "<group>";
		};
		9A592D6D2B17A7EC00735BB0 /* Configurations */ = {
			isa = PBXGroup;
			children = (
				9A592D762B17AF5500735BB0 /* base.xcconfig */,
			);
			path = Configurations;
			sourceTree = "<group>";
		};
		9AD5E64A25F2BF3E007388AE /* Vendor */ = {
			isa = PBXGroup;
			children = (
				9AD5E64B25F2BF3E007388AE /* opencv2.framework */,
			);
			path = Vendor;
			sourceTree = "<group>";
		};
		9AED10F7258BE1310088D902 = {
			isa = PBXGroup;
			children = (
				88FB56E42EE0AB810014EC5F /* .claude */,
				88FB56DF2EE0AB2F0014EC5F /* CLAUDE.md */,
				9AD5E64A25F2BF3E007388AE /* Vendor */,
				9A592D6D2B17A7EC00735BB0 /* Configurations */,
				9AED116C258BE3AF0088D902 /* Packages */,
				9A516F7B2D9B12E900AF478B /* Flipcash */,
				9A516F8C2D9B12EA00AF478B /* FlipcashTests */,
				9A516F962D9B12EA00AF478B /* FlipcashUITests */,
				9AED1101258BE1310088D902 /* Products */,
			);
			sourceTree = "<group>";
		};
		9AED1101258BE1310088D902 /* Products */ = {
			isa = PBXGroup;
			children = (
				9A516F7A2D9B12E900AF478B /* Flipcash.app */,
				9A516F892D9B12EA00AF478B /* FlipcashTests.xctest */,
				9A516F932D9B12EA00AF478B /* FlipcashUITests.xctest */,
			);
			name = Products;
			sourceTree = "<group>";
		};
		9AED116C258BE3AF0088D902 /* Packages */ = {
			isa = PBXGroup;
			children = (
				9AA197072CE51ABB00FE1703 /* CodeCurves */,
				9A43F0102D9C357900CE8817 /* FlipcashCore */,
				9ABDD1962D9D7C2E006B6CDA /* FlipcashAPI */,
				9A0C7F8E2DA0379A0018C7CB /* FlipcashUI */,
			);
			name = Packages;
			sourceTree = "<group>";
		};
/* End PBXGroup section */

/* Begin PBXNativeTarget section */
		9A516F792D9B12E800AF478B /* Flipcash */ = {
			isa = PBXNativeTarget;
			buildConfigurationList = 9A516F9B2D9B12EA00AF478B /* Build configuration list for PBXNativeTarget "Flipcash" */;
			buildPhases = (
				9ADEF1CD2DD516A5001B260A /* Generate Google */,
				9A516F762D9B12E800AF478B /* Sources */,
				9A516F772D9B12E800AF478B /* Frameworks */,
				9A516F782D9B12E800AF478B /* Resources */,
			);
			buildRules = (
			);
			dependencies = (
			);
			fileSystemSynchronizedGroups = (
				9A516F7B2D9B12E900AF478B /* Flipcash */,
			);
			name = Flipcash;
			packageProductDependencies = (
				9ABDD1942D9D7B61006B6CDA /* FlipcashCore */,
				9AC011172DA4320F0030298E /* FlipcashUI */,
				9AD1265D2DA98ADC0048141F /* SQLite */,
				9ADEF1D62DD627C0001B260A /* Bugsnag */,
				9ADEF1D82DD627C6001B260A /* Mixpanel */,
				2B166ABF94584FEF9C368C81 /* TweetNacl */,
				9A444EE62E8C414D002B1E39 /* BigDecimal */,
				9A017D682EAC1DE200216925 /* Kingfisher */,
				9A780F962EDF817D009BC4D9 /* CodeScanner */,
				4CB225752F77260D0075874E /* FirebaseInstallations */,
				4CB225772F7726500075874E /* FirebaseMessaging */,
			);
			productName = Flipcash;
			productReference = 9A516F7A2D9B12E900AF478B /* Flipcash.app */;
			productType = "com.apple.product-type.application";
		};
		9A516F882D9B12EA00AF478B /* FlipcashTests */ = {
			isa = PBXNativeTarget;
			buildConfigurationList = 9A516FA02D9B12EA00AF478B /* Build configuration list for PBXNativeTarget "FlipcashTests" */;
			buildPhases = (
				9A516F852D9B12EA00AF478B /* Sources */,
				9A516F862D9B12EA00AF478B /* Frameworks */,
				9A516F872D9B12EA00AF478B /* Resources */,
			);
			buildRules = (
			);
			dependencies = (
				9A516F8B2D9B12EA00AF478B /* PBXTargetDependency */,
			);
			fileSystemSynchronizedGroups = (
				9A516F8C2D9B12EA00AF478B /* FlipcashTests */,
			);
			name = FlipcashTests;
			productName = FlipcashTests;
			productReference = 9A516F892D9B12EA00AF478B /* FlipcashTests.xctest */;
			productType = "com.apple.product-type.bundle.unit-test";
		};
		9A516F922D9B12EA00AF478B /* FlipcashUITests */ = {
			isa = PBXNativeTarget;
			buildConfigurationList = 9A516FA52D9B12EA00AF478B /* Build configuration list for PBXNativeTarget "FlipcashUITests" */;
			buildPhases = (
				9A516F8F2D9B12EA00AF478B /* Sources */,
				9A516F902D9B12EA00AF478B /* Frameworks */,
				9A516F912D9B12EA00AF478B /* Resources */,
			);
			buildRules = (
			);
			dependencies = (
				9A516F952D9B12EA00AF478B /* PBXTargetDependency */,
			);
			fileSystemSynchronizedGroups = (
				9A516F962D9B12EA00AF478B /* FlipcashUITests */,
			);
			name = FlipcashUITests;
			productName = FlipcashUITests;
			productReference = 9A516F932D9B12EA00AF478B /* FlipcashUITests.xctest */;
			productType = "com.apple.product-type.bundle.ui-testing";
		};
/* End PBXNativeTarget section */

/* Begin PBXProject section */
		9AED10F8258BE1310088D902 /* Project object */ = {
			isa = PBXProject;
			attributes = {
				BuildIndependentTargetsInParallel = YES;
				LastSwiftUpdateCheck = 1620;
				LastUpgradeCheck = 1540;
				TargetAttributes = {
					9A516F792D9B12E800AF478B = {
						CreatedOnToolsVersion = 16.2;
					};
					9A516F882D9B12EA00AF478B = {
						CreatedOnToolsVersion = 16.2;
						TestTargetID = 9A516F792D9B12E800AF478B;
					};
					9A516F922D9B12EA00AF478B = {
						CreatedOnToolsVersion = 16.2;
						TestTargetID = 9A516F792D9B12E800AF478B;
					};
				};
			};
			buildConfigurationList = 9AED10FB258BE1310088D902 /* Build configuration list for PBXProject "Code" */;
			compatibilityVersion = "Xcode 9.3";
			developmentRegion = en;
			hasScannedForEncodings = 0;
			knownRegions = (
				en,
				de,
				he,
				ru,
				sk,
				et,
				sv,
				es,
				uk,
				ja,
				pa,
				id,
				hi,
				cs,
				pl,
				ko,
				el,
				th,
				ms,
				ar,
				is,
				vi,
				no,
				ro,
				bg,
				da,
				sr,
				it,
				fa,
				fr,
				ca,
				pt,
				tr,
				be,
				nl,
				hu,
				hr,
				fi,
				Base,
			);
			mainGroup = 9AED10F7258BE1310088D902;
			packageReferences = (
				9A1654D526790419000A135E /* XCRemoteSwiftPackageReference "grpc-swift" */,
				9ACE172927E6287C00ACA047 /* XCRemoteSwiftPackageReference "mixpanel-swift" */,
				9A1A827528660A6F00A4979F /* XCRemoteSwiftPackageReference "firebase-ios-sdk" */,
				9A476D482978884700C5B5CE /* XCRemoteSwiftPackageReference "bugsnag-cocoa" */,
				9A9499D62CFB829300DC219B /* XCRemoteSwiftPackageReference "SQLite" */,
				9A8D9A3D2D78C2E200E755B9 /* XCRemoteSwiftPackageReference "Kingfisher" */,
				10A6C0E8F8974C1887219D41 /* XCRemoteSwiftPackageReference "tweetnacl-swiftwrap" */,
				9A444EE52E8C414D002B1E39 /* XCRemoteSwiftPackageReference "BigDecimal" */,
				9A780F952EDF817D009BC4D9 /* XCLocalSwiftPackageReference "CodeScanner" */,
			);
			productRefGroup = 9AED1101258BE1310088D902 /* Products */;
			projectDirPath = "";
			projectRoot = "";
			targets = (
				9A516F792D9B12E800AF478B /* Flipcash */,
				9A516F882D9B12EA00AF478B /* FlipcashTests */,
				9A516F922D9B12EA00AF478B /* FlipcashUITests */,
			);
		};
/* End PBXProject section */

/* Begin PBXResourcesBuildPhase section */
		9A516F782D9B12E800AF478B /* Resources */ = {
			isa = PBXResourcesBuildPhase;
			buildActionMask = 2147483647;
			files = (
				88FB56E82EE0C3150014EC5F /* 2025-12-03-swap-models-startswap.md in Resources */,
				88FB56E02EE0AB2F0014EC5F /* CLAUDE.md in Resources */,
				88FB56E52EE0AB810014EC5F /* README.md in Resources */,
				88FB56E62EE0AB810014EC5F /* 2025-11-27-swap-rpc-analysis.md in Resources */,
			);
			runOnlyForDeploymentPostprocessing = 0;
		};
		9A516F872D9B12EA00AF478B /* Resources */ = {
			isa = PBXResourcesBuildPhase;
			buildActionMask = 2147483647;
			files = (
			);
			runOnlyForDeploymentPostprocessing = 0;
		};
		9A516F912D9B12EA00AF478B /* Resources */ = {
			isa = PBXResourcesBuildPhase;
			buildActionMask = 2147483647;
			files = (
			);
			runOnlyForDeploymentPostprocessing = 0;
		};
/* End PBXResourcesBuildPhase section */

/* Begin PBXShellScriptBuildPhase section */
		9ADEF1CD2DD516A5001B260A /* Generate Google */ = {
			isa = PBXShellScriptBuildPhase;
			buildActionMask = 2147483647;
			files = (
			);
			inputFileListPaths = (
			);
			inputPaths = (
				"$(SOURCE_ROOT)/Scripts/gengoogle",
				"$(SOURCE_ROOT)/Configurations/secrets.xcconfig",
				"$(SOURCE_ROOT)/Configurations/secrets.local.xcconfig",
			);
			name = "Generate Google";
			outputFileListPaths = (
			);
			outputPaths = (
				"$(SOURCE_ROOT)/Flipcash/Supporting Files/GoogleService-Info.plist",
			);
			runOnlyForDeploymentPostprocessing = 0;
			shellPath = /bin/sh;
			shellScript = "cd \"$SOURCE_ROOT/Scripts\"\n\n./gengoogle \"$SOURCE_ROOT/Flipcash/Supporting Files/GoogleService-Info.plist\" \"FG_\"\n";
		};
/* End PBXShellScriptBuildPhase section */

/* Begin PBXSourcesBuildPhase section */
		9A516F762D9B12E800AF478B /* Sources */ = {
			isa = PBXSourcesBuildPhase;
			buildActionMask = 2147483647;
			files = (
			);
			runOnlyForDeploymentPostprocessing = 0;
		};
		9A516F852D9B12EA00AF478B /* Sources */ = {
			isa = PBXSourcesBuildPhase;
			buildActionMask = 2147483647;
			files = (
			);
			runOnlyForDeploymentPostprocessing = 0;
		};
		9A516F8F2D9B12EA00AF478B /* Sources */ = {
			isa = PBXSourcesBuildPhase;
			buildActionMask = 2147483647;
			files = (
			);
			runOnlyForDeploymentPostprocessing = 0;
		};
/* End PBXSourcesBuildPhase section */

/* Begin PBXTargetDependency section */
		9A516F8B2D9B12EA00AF478B /* PBXTargetDependency */ = {
			isa = PBXTargetDependency;
			target = 9A516F792D9B12E800AF478B /* Flipcash */;
			targetProxy = 9A516F8A2D9B12EA00AF478B /* PBXContainerItemProxy */;
		};
		9A516F952D9B12EA00AF478B /* PBXTargetDependency */ = {
			isa = PBXTargetDependency;
			target = 9A516F792D9B12E800AF478B /* Flipcash */;
			targetProxy = 9A516F942D9B12EA00AF478B /* PBXContainerItemProxy */;
		};
/* End PBXTargetDependency section */

/* Begin XCBuildConfiguration section */
		9A1654E7268381BB000A135E /* Debug */ = {
			isa = XCBuildConfiguration;
			baseConfigurationReference = 9A592D762B17AF5500735BB0 /* base.xcconfig */;
			buildSettings = {
				ALWAYS_SEARCH_USER_PATHS = NO;
				APP_ICON_SUFFIX = "";
				ASSETCATALOG_COMPILER_APPICON_NAME = "AppIcon$(APP_ICON_SUFFIX)";
				CLANG_ANALYZER_LOCALIZABILITY_NONLOCALIZED = YES;
				CLANG_ANALYZER_NONNULL = YES;
				CLANG_ANALYZER_NUMBER_OBJECT_CONVERSION = YES_AGGRESSIVE;
				CLANG_CXX_LANGUAGE_STANDARD = "gnu++14";
				CLANG_CXX_LIBRARY = "libc++";
				CLANG_ENABLE_MODULES = YES;
				CLANG_ENABLE_OBJC_ARC = YES;
				CLANG_ENABLE_OBJC_WEAK = YES;
				CLANG_WARN_BLOCK_CAPTURE_AUTORELEASING = YES;
				CLANG_WARN_BOOL_CONVERSION = YES;
				CLANG_WARN_COMMA = YES;
				CLANG_WARN_CONSTANT_CONVERSION = YES;
				CLANG_WARN_DEPRECATED_OBJC_IMPLEMENTATIONS = YES;
				CLANG_WARN_DIRECT_OBJC_ISA_USAGE = YES_ERROR;
				CLANG_WARN_DOCUMENTATION_COMMENTS = YES;
				CLANG_WARN_EMPTY_BODY = YES;
				CLANG_WARN_ENUM_CONVERSION = YES;
				CLANG_WARN_INFINITE_RECURSION = YES;
				CLANG_WARN_INT_CONVERSION = YES;
				CLANG_WARN_NON_LITERAL_NULL_CONVERSION = YES;
				CLANG_WARN_OBJC_IMPLICIT_RETAIN_SELF = YES;
				CLANG_WARN_OBJC_LITERAL_CONVERSION = YES;
				CLANG_WARN_OBJC_ROOT_CLASS = YES_ERROR;
				CLANG_WARN_QUOTED_INCLUDE_IN_FRAMEWORK_HEADER = YES;
				CLANG_WARN_RANGE_LOOP_ANALYSIS = YES;
				CLANG_WARN_STRICT_PROTOTYPES = YES;
				CLANG_WARN_SUSPICIOUS_MOVE = YES;
				CLANG_WARN_UNGUARDED_AVAILABILITY = YES_AGGRESSIVE;
				CLANG_WARN_UNREACHABLE_CODE = YES;
				CLANG_WARN__DUPLICATE_METHOD_MATCH = YES;
				COMPILATION_CACHING = YES;
				COPY_PHASE_STRIP = NO;
				DEBUG_INFORMATION_FORMAT = dwarf;
				EAGER_LINKING = YES;
				ENABLE_STRICT_OBJC_MSGSEND = YES;
				ENABLE_TESTABILITY = YES;
				GCC_C_LANGUAGE_STANDARD = gnu11;
				GCC_DYNAMIC_NO_PIC = NO;
				GCC_NO_COMMON_BLOCKS = YES;
				GCC_OPTIMIZATION_LEVEL = 0;
				GCC_WARN_64_TO_32_BIT_CONVERSION = YES;
				GCC_WARN_ABOUT_RETURN_TYPE = YES_ERROR;
				GCC_WARN_UNDECLARED_SELECTOR = YES;
				GCC_WARN_UNINITIALIZED_AUTOS = YES_AGGRESSIVE;
				GCC_WARN_UNUSED_FUNCTION = YES;
				GCC_WARN_UNUSED_VARIABLE = YES;
				IPHONEOS_DEPLOYMENT_TARGET = 15.0;
				MTL_ENABLE_DEBUG_INFO = INCLUDE_SOURCE;
				MTL_FAST_MATH = YES;
				ONLY_ACTIVE_ARCH = YES;
				SDKROOT = iphoneos;
				SWIFT_ACTIVE_COMPILATION_CONDITIONS = DEBUG;
				SWIFT_OPTIMIZATION_LEVEL = "-Onone";
			};
			name = Debug;
		};
		9A235A48297C77E100B0AADF /* Release Development */ = {
			isa = XCBuildConfiguration;
			baseConfigurationReference = 9A592D762B17AF5500735BB0 /* base.xcconfig */;
			buildSettings = {
				ALWAYS_SEARCH_USER_PATHS = NO;
				APP_ICON_SUFFIX = .beta;
				ASSETCATALOG_COMPILER_APPICON_NAME = "AppIcon$(APP_ICON_SUFFIX)";
				CLANG_ANALYZER_LOCALIZABILITY_NONLOCALIZED = YES;
				CLANG_ANALYZER_NONNULL = YES;
				CLANG_ANALYZER_NUMBER_OBJECT_CONVERSION = YES_AGGRESSIVE;
				CLANG_CXX_LANGUAGE_STANDARD = "gnu++14";
				CLANG_CXX_LIBRARY = "libc++";
				CLANG_ENABLE_MODULES = YES;
				CLANG_ENABLE_OBJC_ARC = YES;
				CLANG_ENABLE_OBJC_WEAK = YES;
				CLANG_WARN_BLOCK_CAPTURE_AUTORELEASING = YES;
				CLANG_WARN_BOOL_CONVERSION = YES;
				CLANG_WARN_COMMA = YES;
				CLANG_WARN_CONSTANT_CONVERSION = YES;
				CLANG_WARN_DEPRECATED_OBJC_IMPLEMENTATIONS = YES;
				CLANG_WARN_DIRECT_OBJC_ISA_USAGE = YES_ERROR;
				CLANG_WARN_DOCUMENTATION_COMMENTS = YES;
				CLANG_WARN_EMPTY_BODY = YES;
				CLANG_WARN_ENUM_CONVERSION = YES;
				CLANG_WARN_INFINITE_RECURSION = YES;
				CLANG_WARN_INT_CONVERSION = YES;
				CLANG_WARN_NON_LITERAL_NULL_CONVERSION = YES;
				CLANG_WARN_OBJC_IMPLICIT_RETAIN_SELF = YES;
				CLANG_WARN_OBJC_LITERAL_CONVERSION = YES;
				CLANG_WARN_OBJC_ROOT_CLASS = YES_ERROR;
				CLANG_WARN_QUOTED_INCLUDE_IN_FRAMEWORK_HEADER = YES;
				CLANG_WARN_RANGE_LOOP_ANALYSIS = YES;
				CLANG_WARN_STRICT_PROTOTYPES = YES;
				CLANG_WARN_SUSPICIOUS_MOVE = YES;
				CLANG_WARN_UNGUARDED_AVAILABILITY = YES_AGGRESSIVE;
				CLANG_WARN_UNREACHABLE_CODE = YES;
				CLANG_WARN__DUPLICATE_METHOD_MATCH = YES;
				COMPILATION_CACHING = YES;
				COPY_PHASE_STRIP = NO;
				DEBUG_INFORMATION_FORMAT = "dwarf-with-dsym";
				ENABLE_NS_ASSERTIONS = NO;
				ENABLE_STRICT_OBJC_MSGSEND = YES;
				ENABLE_TESTABILITY = YES;
				GCC_C_LANGUAGE_STANDARD = gnu11;
				GCC_NO_COMMON_BLOCKS = YES;
				GCC_WARN_64_TO_32_BIT_CONVERSION = YES;
				GCC_WARN_ABOUT_RETURN_TYPE = YES_ERROR;
				GCC_WARN_UNDECLARED_SELECTOR = YES;
				GCC_WARN_UNINITIALIZED_AUTOS = YES_AGGRESSIVE;
				GCC_WARN_UNUSED_FUNCTION = YES;
				GCC_WARN_UNUSED_VARIABLE = YES;
				IPHONEOS_DEPLOYMENT_TARGET = 15.0;
				MTL_ENABLE_DEBUG_INFO = NO;
				MTL_FAST_MATH = YES;
				OTHER_SWIFT_FLAGS = "-DCODEDEV";
				SDKROOT = iphoneos;
				SWIFT_ACTIVE_COMPILATION_CONDITIONS = CODEDEV;
				SWIFT_COMPILATION_MODE = wholemodule;
				SWIFT_OPTIMIZATION_LEVEL = "-O";
				VALIDATE_PRODUCT = YES;
			};
			name = "Release Development";
		};
		9A516F9C2D9B12EA00AF478B /* Development */ = {
			isa = XCBuildConfiguration;
			buildSettings = {
				ASSETCATALOG_COMPILER_APPICON_NAME = AppIcon;
				ASSETCATALOG_COMPILER_GENERATE_SWIFT_ASSET_SYMBOL_EXTENSIONS = YES;
				ASSETCATALOG_COMPILER_GLOBAL_ACCENT_COLOR_NAME = AccentColor;
				CLANG_CXX_LANGUAGE_STANDARD = "gnu++20";
				CODE_SIGN_ENTITLEMENTS = "Flipcash/Supporting Files/Flipcash.entitlements";
				CODE_SIGN_IDENTITY = "Apple Development";
				CODE_SIGN_STYLE = Automatic;
				CURRENT_PROJECT_VERSION = 272;
				DEVELOPMENT_ASSET_PATHS = "\"Flipcash/Preview Content\"";
				DEVELOPMENT_TEAM = SC677X4LH6;
				ENABLE_PREVIEWS = YES;
				FRAMEWORK_SEARCH_PATHS = (
					"$(inherited)",
					"$(PROJECT_DIR)/Vendor",
					"$(PROJECT_DIR)/CodeScanner/.build/arm64-apple-ios-simulator/debug",
				);
				GCC_C_LANGUAGE_STANDARD = gnu17;
				GCC_PREPROCESSOR_DEFINITIONS = (
					"DEBUG=1",
					"$(inherited)",
				);
				GENERATE_INFOPLIST_FILE = YES;
				INFOPLIST_FILE = "Flipcash/Supporting Files/Info.plist";
				INFOPLIST_KEY_CFBundleDisplayName = Flipcash;
				INFOPLIST_KEY_ITSAppUsesNonExemptEncryption = NO;
				INFOPLIST_KEY_NSCameraUsageDescription = "Flipcash enables you to receive cash by pointing your camera at the digital bill displayed on another user's phone.";
				INFOPLIST_KEY_NSPhotoLibraryAddUsageDescription = "We will save your Access Key to your library.";
				INFOPLIST_KEY_UIApplicationSupportsIndirectInputEvents = YES;
				INFOPLIST_KEY_UILaunchScreen_Generation = YES;
				INFOPLIST_KEY_UISupportedInterfaceOrientations = UIInterfaceOrientationPortrait;
				IPHONEOS_DEPLOYMENT_TARGET = 17.0;
				LD_RUNPATH_SEARCH_PATHS = (
					"$(inherited)",
					"@executable_path/Frameworks",
				);
				LOCALIZATION_PREFERS_STRING_CATALOGS = YES;
				MARKETING_VERSION = 1.10.0;
				PRODUCT_BUNDLE_IDENTIFIER = com.flipcash.app.ios;
				PRODUCT_NAME = "$(TARGET_NAME)";
				PROVISIONING_PROFILE_SPECIFIER = "";
				SUPPORTED_PLATFORMS = "iphoneos iphonesimulator";
				SUPPORTS_MACCATALYST = NO;
				SWIFT_ACTIVE_COMPILATION_CONDITIONS = "DEBUG $(inherited)";
				SWIFT_DEFAULT_ACTOR_ISOLATION = MainActor;
				SWIFT_EMIT_LOC_STRINGS = YES;
				SWIFT_UPCOMING_FEATURE_NONISOLATED_NONSENDING_BY_DEFAULT = YES;
				SWIFT_VERSION = 6.0;
				TARGETED_DEVICE_FAMILY = 1;
			};
			name = Development;
		};
		9A516F9D2D9B12EA00AF478B /* Debug */ = {
			isa = XCBuildConfiguration;
			buildSettings = {
				ASSETCATALOG_COMPILER_APPICON_NAME = AppIcon;
				ASSETCATALOG_COMPILER_GENERATE_SWIFT_ASSET_SYMBOL_EXTENSIONS = YES;
				ASSETCATALOG_COMPILER_GLOBAL_ACCENT_COLOR_NAME = AccentColor;
				CLANG_CXX_LANGUAGE_STANDARD = "gnu++20";
				CODE_SIGN_ENTITLEMENTS = "Flipcash/Supporting Files/Flipcash.entitlements";
				CODE_SIGN_IDENTITY = "Apple Development";
				CODE_SIGN_STYLE = Automatic;
				CURRENT_PROJECT_VERSION = 272;
				DEVELOPMENT_ASSET_PATHS = "\"Flipcash/Preview Content\"";
				DEVELOPMENT_TEAM = SC677X4LH6;
				ENABLE_PREVIEWS = YES;
				FRAMEWORK_SEARCH_PATHS = (
					"$(inherited)",
					"$(PROJECT_DIR)/Vendor",
					"$(PROJECT_DIR)/CodeScanner/.build/arm64-apple-ios-simulator/debug",
				);
				GCC_C_LANGUAGE_STANDARD = gnu17;
				GCC_PREPROCESSOR_DEFINITIONS = (
					"DEBUG=1",
					"$(inherited)",
				);
				GENERATE_INFOPLIST_FILE = YES;
				INFOPLIST_FILE = "Flipcash/Supporting Files/Info.plist";
				INFOPLIST_KEY_CFBundleDisplayName = Flipcash;
				INFOPLIST_KEY_ITSAppUsesNonExemptEncryption = NO;
				INFOPLIST_KEY_NSCameraUsageDescription = "Flipcash enables you to receive cash by pointing your camera at the digital bill displayed on another user's phone.";
				INFOPLIST_KEY_NSPhotoLibraryAddUsageDescription = "We will save your Access Key to your library.";
				INFOPLIST_KEY_UIApplicationSupportsIndirectInputEvents = YES;
				INFOPLIST_KEY_UILaunchScreen_Generation = YES;
				INFOPLIST_KEY_UISupportedInterfaceOrientations = UIInterfaceOrientationPortrait;
				IPHONEOS_DEPLOYMENT_TARGET = 17.0;
				LD_RUNPATH_SEARCH_PATHS = (
					"$(inherited)",
					"@executable_path/Frameworks",
				);
				LOCALIZATION_PREFERS_STRING_CATALOGS = YES;
				MARKETING_VERSION = 1.10.0;
				PRODUCT_BUNDLE_IDENTIFIER = com.flipcash.app.ios;
				PRODUCT_NAME = "$(TARGET_NAME)";
				PROVISIONING_PROFILE_SPECIFIER = "";
				SUPPORTED_PLATFORMS = "iphoneos iphonesimulator";
				SUPPORTS_MACCATALYST = NO;
				SWIFT_ACTIVE_COMPILATION_CONDITIONS = "DEBUG $(inherited)";
				SWIFT_DEFAULT_ACTOR_ISOLATION = MainActor;
				SWIFT_EMIT_LOC_STRINGS = YES;
				SWIFT_UPCOMING_FEATURE_NONISOLATED_NONSENDING_BY_DEFAULT = YES;
				SWIFT_VERSION = 6.0;
				TARGETED_DEVICE_FAMILY = 1;
			};
			name = Debug;
		};
		9A516F9E2D9B12EA00AF478B /* Release */ = {
			isa = XCBuildConfiguration;
			buildSettings = {
				ASSETCATALOG_COMPILER_APPICON_NAME = AppIcon;
				ASSETCATALOG_COMPILER_GENERATE_SWIFT_ASSET_SYMBOL_EXTENSIONS = YES;
				ASSETCATALOG_COMPILER_GLOBAL_ACCENT_COLOR_NAME = AccentColor;
				CLANG_CXX_LANGUAGE_STANDARD = "gnu++20";
				CODE_SIGN_ENTITLEMENTS = "Flipcash/Supporting Files/Flipcash.entitlements";
				CODE_SIGN_IDENTITY = "Apple Development";
				CODE_SIGN_STYLE = Automatic;
				CURRENT_PROJECT_VERSION = 272;
				DEVELOPMENT_ASSET_PATHS = "\"Flipcash/Preview Content\"";
				DEVELOPMENT_TEAM = SC677X4LH6;
				ENABLE_PREVIEWS = YES;
				FRAMEWORK_SEARCH_PATHS = (
					"$(inherited)",
					"$(PROJECT_DIR)/Vendor",
					"$(PROJECT_DIR)/CodeScanner/.build/arm64-apple-ios-simulator/debug",
				);
				GCC_C_LANGUAGE_STANDARD = gnu17;
				GENERATE_INFOPLIST_FILE = YES;
				INFOPLIST_FILE = "Flipcash/Supporting Files/Info.plist";
				INFOPLIST_KEY_CFBundleDisplayName = Flipcash;
				INFOPLIST_KEY_ITSAppUsesNonExemptEncryption = NO;
				INFOPLIST_KEY_NSCameraUsageDescription = "Flipcash enables you to receive cash by pointing your camera at the digital bill displayed on another user's phone.";
				INFOPLIST_KEY_NSPhotoLibraryAddUsageDescription = "We will save your Access Key to your library.";
				INFOPLIST_KEY_UIApplicationSupportsIndirectInputEvents = YES;
				INFOPLIST_KEY_UILaunchScreen_Generation = YES;
				INFOPLIST_KEY_UISupportedInterfaceOrientations = UIInterfaceOrientationPortrait;
				IPHONEOS_DEPLOYMENT_TARGET = 17.0;
				LD_RUNPATH_SEARCH_PATHS = (
					"$(inherited)",
					"@executable_path/Frameworks",
				);
				LOCALIZATION_PREFERS_STRING_CATALOGS = YES;
				MARKETING_VERSION = 1.10.0;
				PRODUCT_BUNDLE_IDENTIFIER = com.flipcash.app.ios;
				PRODUCT_NAME = "$(TARGET_NAME)";
				PROVISIONING_PROFILE_SPECIFIER = "";
				SUPPORTED_PLATFORMS = "iphoneos iphonesimulator";
				SUPPORTS_MACCATALYST = NO;
				SWIFT_DEFAULT_ACTOR_ISOLATION = MainActor;
				SWIFT_EMIT_LOC_STRINGS = YES;
				SWIFT_UPCOMING_FEATURE_NONISOLATED_NONSENDING_BY_DEFAULT = YES;
				SWIFT_VERSION = 6.0;
				TARGETED_DEVICE_FAMILY = 1;
			};
			name = Release;
		};
		9A516F9F2D9B12EA00AF478B /* Release Development */ = {
			isa = XCBuildConfiguration;
			buildSettings = {
				ASSETCATALOG_COMPILER_APPICON_NAME = AppIcon;
				ASSETCATALOG_COMPILER_GENERATE_SWIFT_ASSET_SYMBOL_EXTENSIONS = YES;
				ASSETCATALOG_COMPILER_GLOBAL_ACCENT_COLOR_NAME = AccentColor;
				CLANG_CXX_LANGUAGE_STANDARD = "gnu++20";
				CODE_SIGN_ENTITLEMENTS = "Flipcash/Supporting Files/Flipcash.entitlements";
				CODE_SIGN_IDENTITY = "Apple Development";
				CODE_SIGN_STYLE = Automatic;
				CURRENT_PROJECT_VERSION = 272;
				DEVELOPMENT_ASSET_PATHS = "\"Flipcash/Preview Content\"";
				DEVELOPMENT_TEAM = SC677X4LH6;
				ENABLE_PREVIEWS = YES;
				FRAMEWORK_SEARCH_PATHS = (
					"$(inherited)",
					"$(PROJECT_DIR)/Vendor",
					"$(PROJECT_DIR)/CodeScanner/.build/arm64-apple-ios-simulator/debug",
				);
				GCC_C_LANGUAGE_STANDARD = gnu17;
				GENERATE_INFOPLIST_FILE = YES;
				INFOPLIST_FILE = "Flipcash/Supporting Files/Info.plist";
				INFOPLIST_KEY_CFBundleDisplayName = Flipcash;
				INFOPLIST_KEY_ITSAppUsesNonExemptEncryption = NO;
				INFOPLIST_KEY_NSCameraUsageDescription = "Flipcash enables you to receive cash by pointing your camera at the digital bill displayed on another user's phone.";
				INFOPLIST_KEY_NSPhotoLibraryAddUsageDescription = "We will save your Access Key to your library.";
				INFOPLIST_KEY_UIApplicationSupportsIndirectInputEvents = YES;
				INFOPLIST_KEY_UILaunchScreen_Generation = YES;
				INFOPLIST_KEY_UISupportedInterfaceOrientations = UIInterfaceOrientationPortrait;
				IPHONEOS_DEPLOYMENT_TARGET = 17.0;
				LD_RUNPATH_SEARCH_PATHS = (
					"$(inherited)",
					"@executable_path/Frameworks",
				);
				LOCALIZATION_PREFERS_STRING_CATALOGS = YES;
				MARKETING_VERSION = 1.10.0;
				PRODUCT_BUNDLE_IDENTIFIER = com.flipcash.app.ios;
				PRODUCT_NAME = "$(TARGET_NAME)";
				PROVISIONING_PROFILE_SPECIFIER = "";
				SUPPORTED_PLATFORMS = "iphoneos iphonesimulator";
				SUPPORTS_MACCATALYST = NO;
				SWIFT_DEFAULT_ACTOR_ISOLATION = MainActor;
				SWIFT_EMIT_LOC_STRINGS = YES;
				SWIFT_UPCOMING_FEATURE_NONISOLATED_NONSENDING_BY_DEFAULT = YES;
				SWIFT_VERSION = 6.0;
				TARGETED_DEVICE_FAMILY = 1;
			};
			name = "Release Development";
		};
		9A516FA12D9B12EA00AF478B /* Development */ = {
			isa = XCBuildConfiguration;
			buildSettings = {
				ASSETCATALOG_COMPILER_GENERATE_SWIFT_ASSET_SYMBOL_EXTENSIONS = YES;
				BUNDLE_LOADER = "$(TEST_HOST)";
				CLANG_CXX_LANGUAGE_STANDARD = "gnu++20";
				CODE_SIGN_STYLE = Automatic;
				CURRENT_PROJECT_VERSION = 1;
				DEVELOPMENT_TEAM = 83VHY3GSWL;
				ENABLE_USER_SCRIPT_SANDBOXING = YES;
				GCC_C_LANGUAGE_STANDARD = gnu17;
				GCC_PREPROCESSOR_DEFINITIONS = (
					"DEBUG=1",
					"$(inherited)",
				);
				GENERATE_INFOPLIST_FILE = YES;
				IPHONEOS_DEPLOYMENT_TARGET = 18.2;
				LOCALIZATION_PREFERS_STRING_CATALOGS = YES;
				MARKETING_VERSION = 1.0;
				PRODUCT_BUNDLE_IDENTIFIER = com.code.FlipcashTests;
				PRODUCT_NAME = "$(TARGET_NAME)";
				SWIFT_ACTIVE_COMPILATION_CONDITIONS = "DEBUG $(inherited)";
				SWIFT_EMIT_LOC_STRINGS = NO;
				SWIFT_UPCOMING_FEATURE_NONISOLATED_NONSENDING_BY_DEFAULT = YES;
				SWIFT_VERSION = 6.0;
				TEST_HOST = "$(BUILT_PRODUCTS_DIR)/Flipcash.app/$(BUNDLE_EXECUTABLE_FOLDER_PATH)/Flipcash";
			};
			name = Development;
		};
		9A516FA22D9B12EA00AF478B /* Debug */ = {
			isa = XCBuildConfiguration;
			buildSettings = {
				ASSETCATALOG_COMPILER_GENERATE_SWIFT_ASSET_SYMBOL_EXTENSIONS = YES;
				BUNDLE_LOADER = "$(TEST_HOST)";
				CLANG_CXX_LANGUAGE_STANDARD = "gnu++20";
				CODE_SIGN_STYLE = Automatic;
				CURRENT_PROJECT_VERSION = 1;
				DEVELOPMENT_TEAM = 83VHY3GSWL;
				ENABLE_USER_SCRIPT_SANDBOXING = YES;
				GCC_C_LANGUAGE_STANDARD = gnu17;
				GCC_PREPROCESSOR_DEFINITIONS = (
					"DEBUG=1",
					"$(inherited)",
				);
				GENERATE_INFOPLIST_FILE = YES;
				IPHONEOS_DEPLOYMENT_TARGET = 18.2;
				LOCALIZATION_PREFERS_STRING_CATALOGS = YES;
				MARKETING_VERSION = 1.0;
				PRODUCT_BUNDLE_IDENTIFIER = com.code.FlipcashTests;
				PRODUCT_NAME = "$(TARGET_NAME)";
				SWIFT_ACTIVE_COMPILATION_CONDITIONS = "DEBUG $(inherited)";
				SWIFT_EMIT_LOC_STRINGS = NO;
				SWIFT_UPCOMING_FEATURE_NONISOLATED_NONSENDING_BY_DEFAULT = YES;
				SWIFT_VERSION = 6.0;
				TEST_HOST = "$(BUILT_PRODUCTS_DIR)/Flipcash.app/$(BUNDLE_EXECUTABLE_FOLDER_PATH)/Flipcash";
			};
			name = Debug;
		};
		9A516FA32D9B12EA00AF478B /* Release */ = {
			isa = XCBuildConfiguration;
			buildSettings = {
				ASSETCATALOG_COMPILER_GENERATE_SWIFT_ASSET_SYMBOL_EXTENSIONS = YES;
				BUNDLE_LOADER = "$(TEST_HOST)";
				CLANG_CXX_LANGUAGE_STANDARD = "gnu++20";
				CODE_SIGN_STYLE = Automatic;
				CURRENT_PROJECT_VERSION = 1;
				DEVELOPMENT_TEAM = 83VHY3GSWL;
				ENABLE_USER_SCRIPT_SANDBOXING = YES;
				GCC_C_LANGUAGE_STANDARD = gnu17;
				GENERATE_INFOPLIST_FILE = YES;
				IPHONEOS_DEPLOYMENT_TARGET = 18.2;
				LOCALIZATION_PREFERS_STRING_CATALOGS = YES;
				MARKETING_VERSION = 1.0;
				PRODUCT_BUNDLE_IDENTIFIER = com.code.FlipcashTests;
				PRODUCT_NAME = "$(TARGET_NAME)";
				SWIFT_EMIT_LOC_STRINGS = NO;
				SWIFT_UPCOMING_FEATURE_NONISOLATED_NONSENDING_BY_DEFAULT = YES;
				SWIFT_VERSION = 6.0;
				TEST_HOST = "$(BUILT_PRODUCTS_DIR)/Flipcash.app/$(BUNDLE_EXECUTABLE_FOLDER_PATH)/Flipcash";
			};
			name = Release;
		};
		9A516FA42D9B12EA00AF478B /* Release Development */ = {
			isa = XCBuildConfiguration;
			buildSettings = {
				ASSETCATALOG_COMPILER_GENERATE_SWIFT_ASSET_SYMBOL_EXTENSIONS = YES;
				BUNDLE_LOADER = "$(TEST_HOST)";
				CLANG_CXX_LANGUAGE_STANDARD = "gnu++20";
				CODE_SIGN_STYLE = Automatic;
				CURRENT_PROJECT_VERSION = 1;
				DEVELOPMENT_TEAM = 83VHY3GSWL;
				ENABLE_USER_SCRIPT_SANDBOXING = YES;
				GCC_C_LANGUAGE_STANDARD = gnu17;
				GENERATE_INFOPLIST_FILE = YES;
				IPHONEOS_DEPLOYMENT_TARGET = 18.2;
				LOCALIZATION_PREFERS_STRING_CATALOGS = YES;
				MARKETING_VERSION = 1.0;
				PRODUCT_BUNDLE_IDENTIFIER = com.code.FlipcashTests;
				PRODUCT_NAME = "$(TARGET_NAME)";
				SWIFT_EMIT_LOC_STRINGS = NO;
				SWIFT_UPCOMING_FEATURE_NONISOLATED_NONSENDING_BY_DEFAULT = YES;
				SWIFT_VERSION = 6.0;
				TEST_HOST = "$(BUILT_PRODUCTS_DIR)/Flipcash.app/$(BUNDLE_EXECUTABLE_FOLDER_PATH)/Flipcash";
			};
			name = "Release Development";
		};
		9A516FA62D9B12EA00AF478B /* Development */ = {
			isa = XCBuildConfiguration;
			buildSettings = {
				ASSETCATALOG_COMPILER_GENERATE_SWIFT_ASSET_SYMBOL_EXTENSIONS = YES;
				CLANG_CXX_LANGUAGE_STANDARD = "gnu++20";
				CODE_SIGN_STYLE = Automatic;
				CURRENT_PROJECT_VERSION = 1;
				DEVELOPMENT_TEAM = 83VHY3GSWL;
				ENABLE_USER_SCRIPT_SANDBOXING = YES;
				GCC_C_LANGUAGE_STANDARD = gnu17;
				GCC_PREPROCESSOR_DEFINITIONS = (
					"DEBUG=1",
					"$(inherited)",
				);
				GENERATE_INFOPLIST_FILE = YES;
				INFOPLIST_FILE = FlipcashUITests/Info.plist;
				IPHONEOS_DEPLOYMENT_TARGET = 18.2;
				LOCALIZATION_PREFERS_STRING_CATALOGS = YES;
				MARKETING_VERSION = 1.0;
				PRODUCT_BUNDLE_IDENTIFIER = com.code.FlipcashUITests;
				PRODUCT_NAME = "$(TARGET_NAME)";
				SWIFT_ACTIVE_COMPILATION_CONDITIONS = "DEBUG $(inherited)";
				SWIFT_EMIT_LOC_STRINGS = NO;
				SWIFT_UPCOMING_FEATURE_NONISOLATED_NONSENDING_BY_DEFAULT = YES;
				SWIFT_VERSION = 6.0;
				TEST_TARGET_NAME = Flipcash;
			};
			name = Development;
		};
		9A516FA72D9B12EA00AF478B /* Debug */ = {
			isa = XCBuildConfiguration;
			buildSettings = {
				ASSETCATALOG_COMPILER_GENERATE_SWIFT_ASSET_SYMBOL_EXTENSIONS = YES;
				CLANG_CXX_LANGUAGE_STANDARD = "gnu++20";
				CODE_SIGN_STYLE = Automatic;
				CURRENT_PROJECT_VERSION = 1;
				DEVELOPMENT_TEAM = 83VHY3GSWL;
				ENABLE_USER_SCRIPT_SANDBOXING = YES;
				GCC_C_LANGUAGE_STANDARD = gnu17;
				GCC_PREPROCESSOR_DEFINITIONS = (
					"DEBUG=1",
					"$(inherited)",
				);
				GENERATE_INFOPLIST_FILE = YES;
				INFOPLIST_FILE = FlipcashUITests/Info.plist;
				IPHONEOS_DEPLOYMENT_TARGET = 18.2;
				LOCALIZATION_PREFERS_STRING_CATALOGS = YES;
				MARKETING_VERSION = 1.0;
				PRODUCT_BUNDLE_IDENTIFIER = com.code.FlipcashUITests;
				PRODUCT_NAME = "$(TARGET_NAME)";
				SWIFT_ACTIVE_COMPILATION_CONDITIONS = "DEBUG $(inherited)";
				SWIFT_EMIT_LOC_STRINGS = NO;
				SWIFT_UPCOMING_FEATURE_NONISOLATED_NONSENDING_BY_DEFAULT = YES;
				SWIFT_VERSION = 6.0;
				TEST_TARGET_NAME = Flipcash;
			};
			name = Debug;
		};
		9A516FA82D9B12EA00AF478B /* Release */ = {
			isa = XCBuildConfiguration;
			buildSettings = {
				ASSETCATALOG_COMPILER_GENERATE_SWIFT_ASSET_SYMBOL_EXTENSIONS = YES;
				CLANG_CXX_LANGUAGE_STANDARD = "gnu++20";
				CODE_SIGN_STYLE = Automatic;
				CURRENT_PROJECT_VERSION = 1;
				DEVELOPMENT_TEAM = 83VHY3GSWL;
				ENABLE_USER_SCRIPT_SANDBOXING = YES;
				GCC_C_LANGUAGE_STANDARD = gnu17;
				GENERATE_INFOPLIST_FILE = YES;
				INFOPLIST_FILE = FlipcashUITests/Info.plist;
				IPHONEOS_DEPLOYMENT_TARGET = 18.2;
				LOCALIZATION_PREFERS_STRING_CATALOGS = YES;
				MARKETING_VERSION = 1.0;
				PRODUCT_BUNDLE_IDENTIFIER = com.code.FlipcashUITests;
				PRODUCT_NAME = "$(TARGET_NAME)";
				SWIFT_EMIT_LOC_STRINGS = NO;
				SWIFT_UPCOMING_FEATURE_NONISOLATED_NONSENDING_BY_DEFAULT = YES;
				SWIFT_VERSION = 6.0;
				TEST_TARGET_NAME = Flipcash;
			};
			name = Release;
		};
		9A516FA92D9B12EA00AF478B /* Release Development */ = {
			isa = XCBuildConfiguration;
			buildSettings = {
				ASSETCATALOG_COMPILER_GENERATE_SWIFT_ASSET_SYMBOL_EXTENSIONS = YES;
				CLANG_CXX_LANGUAGE_STANDARD = "gnu++20";
				CODE_SIGN_STYLE = Automatic;
				CURRENT_PROJECT_VERSION = 1;
				DEVELOPMENT_TEAM = 83VHY3GSWL;
				ENABLE_USER_SCRIPT_SANDBOXING = YES;
				GCC_C_LANGUAGE_STANDARD = gnu17;
				GENERATE_INFOPLIST_FILE = YES;
				INFOPLIST_FILE = FlipcashUITests/Info.plist;
				IPHONEOS_DEPLOYMENT_TARGET = 18.2;
				LOCALIZATION_PREFERS_STRING_CATALOGS = YES;
				MARKETING_VERSION = 1.0;
				PRODUCT_BUNDLE_IDENTIFIER = com.code.FlipcashUITests;
				PRODUCT_NAME = "$(TARGET_NAME)";
				SWIFT_EMIT_LOC_STRINGS = NO;
				SWIFT_UPCOMING_FEATURE_NONISOLATED_NONSENDING_BY_DEFAULT = YES;
				SWIFT_VERSION = 6.0;
				TEST_TARGET_NAME = Flipcash;
			};
			name = "Release Development";
		};
		9AED1123258BE1320088D902 /* Development */ = {
			isa = XCBuildConfiguration;
			baseConfigurationReference = 9A592D762B17AF5500735BB0 /* base.xcconfig */;
			buildSettings = {
				ALWAYS_SEARCH_USER_PATHS = NO;
				APP_ICON_SUFFIX = .beta;
				ASSETCATALOG_COMPILER_APPICON_NAME = "AppIcon$(APP_ICON_SUFFIX)";
				CLANG_ANALYZER_LOCALIZABILITY_NONLOCALIZED = YES;
				CLANG_ANALYZER_NONNULL = YES;
				CLANG_ANALYZER_NUMBER_OBJECT_CONVERSION = YES_AGGRESSIVE;
				CLANG_CXX_LANGUAGE_STANDARD = "gnu++14";
				CLANG_CXX_LIBRARY = "libc++";
				CLANG_ENABLE_MODULES = YES;
				CLANG_ENABLE_OBJC_ARC = YES;
				CLANG_ENABLE_OBJC_WEAK = YES;
				CLANG_WARN_BLOCK_CAPTURE_AUTORELEASING = YES;
				CLANG_WARN_BOOL_CONVERSION = YES;
				CLANG_WARN_COMMA = YES;
				CLANG_WARN_CONSTANT_CONVERSION = YES;
				CLANG_WARN_DEPRECATED_OBJC_IMPLEMENTATIONS = YES;
				CLANG_WARN_DIRECT_OBJC_ISA_USAGE = YES_ERROR;
				CLANG_WARN_DOCUMENTATION_COMMENTS = YES;
				CLANG_WARN_EMPTY_BODY = YES;
				CLANG_WARN_ENUM_CONVERSION = YES;
				CLANG_WARN_INFINITE_RECURSION = YES;
				CLANG_WARN_INT_CONVERSION = YES;
				CLANG_WARN_NON_LITERAL_NULL_CONVERSION = YES;
				CLANG_WARN_OBJC_IMPLICIT_RETAIN_SELF = YES;
				CLANG_WARN_OBJC_LITERAL_CONVERSION = YES;
				CLANG_WARN_OBJC_ROOT_CLASS = YES_ERROR;
				CLANG_WARN_QUOTED_INCLUDE_IN_FRAMEWORK_HEADER = YES;
				CLANG_WARN_RANGE_LOOP_ANALYSIS = YES;
				CLANG_WARN_STRICT_PROTOTYPES = YES;
				CLANG_WARN_SUSPICIOUS_MOVE = YES;
				CLANG_WARN_UNGUARDED_AVAILABILITY = YES_AGGRESSIVE;
				CLANG_WARN_UNREACHABLE_CODE = YES;
				CLANG_WARN__DUPLICATE_METHOD_MATCH = YES;
				COMPILATION_CACHING = YES;
				COPY_PHASE_STRIP = NO;
				DEBUG_INFORMATION_FORMAT = dwarf;
				EAGER_LINKING = YES;
				ENABLE_STRICT_OBJC_MSGSEND = YES;
				ENABLE_TESTABILITY = YES;
				GCC_C_LANGUAGE_STANDARD = gnu11;
				GCC_DYNAMIC_NO_PIC = NO;
				GCC_NO_COMMON_BLOCKS = YES;
				GCC_OPTIMIZATION_LEVEL = 0;
				GCC_WARN_64_TO_32_BIT_CONVERSION = YES;
				GCC_WARN_ABOUT_RETURN_TYPE = YES_ERROR;
				GCC_WARN_UNDECLARED_SELECTOR = YES;
				GCC_WARN_UNINITIALIZED_AUTOS = YES_AGGRESSIVE;
				GCC_WARN_UNUSED_FUNCTION = YES;
				GCC_WARN_UNUSED_VARIABLE = YES;
				IPHONEOS_DEPLOYMENT_TARGET = 15.0;
				MTL_ENABLE_DEBUG_INFO = INCLUDE_SOURCE;
				MTL_FAST_MATH = YES;
				ONLY_ACTIVE_ARCH = YES;
				OTHER_SWIFT_FLAGS = "-DCODEDEV";
				SDKROOT = iphoneos;
				SWIFT_ACTIVE_COMPILATION_CONDITIONS = "DEBUG CODEDEV";
				SWIFT_OPTIMIZATION_LEVEL = "-Onone";
			};
			name = Development;
		};
		9AED1124258BE1320088D902 /* Release */ = {
			isa = XCBuildConfiguration;
			baseConfigurationReference = 9A592D762B17AF5500735BB0 /* base.xcconfig */;
			buildSettings = {
				ALWAYS_SEARCH_USER_PATHS = NO;
				APP_ICON_SUFFIX = "";
				ASSETCATALOG_COMPILER_APPICON_NAME = "AppIcon$(APP_ICON_SUFFIX)";
				CLANG_ANALYZER_LOCALIZABILITY_NONLOCALIZED = YES;
				CLANG_ANALYZER_NONNULL = YES;
				CLANG_ANALYZER_NUMBER_OBJECT_CONVERSION = YES_AGGRESSIVE;
				CLANG_CXX_LANGUAGE_STANDARD = "gnu++14";
				CLANG_CXX_LIBRARY = "libc++";
				CLANG_ENABLE_MODULES = YES;
				CLANG_ENABLE_OBJC_ARC = YES;
				CLANG_ENABLE_OBJC_WEAK = YES;
				CLANG_WARN_BLOCK_CAPTURE_AUTORELEASING = YES;
				CLANG_WARN_BOOL_CONVERSION = YES;
				CLANG_WARN_COMMA = YES;
				CLANG_WARN_CONSTANT_CONVERSION = YES;
				CLANG_WARN_DEPRECATED_OBJC_IMPLEMENTATIONS = YES;
				CLANG_WARN_DIRECT_OBJC_ISA_USAGE = YES_ERROR;
				CLANG_WARN_DOCUMENTATION_COMMENTS = YES;
				CLANG_WARN_EMPTY_BODY = YES;
				CLANG_WARN_ENUM_CONVERSION = YES;
				CLANG_WARN_INFINITE_RECURSION = YES;
				CLANG_WARN_INT_CONVERSION = YES;
				CLANG_WARN_NON_LITERAL_NULL_CONVERSION = YES;
				CLANG_WARN_OBJC_IMPLICIT_RETAIN_SELF = YES;
				CLANG_WARN_OBJC_LITERAL_CONVERSION = YES;
				CLANG_WARN_OBJC_ROOT_CLASS = YES_ERROR;
				CLANG_WARN_QUOTED_INCLUDE_IN_FRAMEWORK_HEADER = YES;
				CLANG_WARN_RANGE_LOOP_ANALYSIS = YES;
				CLANG_WARN_STRICT_PROTOTYPES = YES;
				CLANG_WARN_SUSPICIOUS_MOVE = YES;
				CLANG_WARN_UNGUARDED_AVAILABILITY = YES_AGGRESSIVE;
				CLANG_WARN_UNREACHABLE_CODE = YES;
				CLANG_WARN__DUPLICATE_METHOD_MATCH = YES;
				COMPILATION_CACHING = YES;
				COPY_PHASE_STRIP = NO;
				DEBUG_INFORMATION_FORMAT = "dwarf-with-dsym";
				ENABLE_NS_ASSERTIONS = NO;
				ENABLE_STRICT_OBJC_MSGSEND = YES;
				GCC_C_LANGUAGE_STANDARD = gnu11;
				GCC_NO_COMMON_BLOCKS = YES;
				GCC_WARN_64_TO_32_BIT_CONVERSION = YES;
				GCC_WARN_ABOUT_RETURN_TYPE = YES_ERROR;
				GCC_WARN_UNDECLARED_SELECTOR = YES;
				GCC_WARN_UNINITIALIZED_AUTOS = YES_AGGRESSIVE;
				GCC_WARN_UNUSED_FUNCTION = YES;
				GCC_WARN_UNUSED_VARIABLE = YES;
				IPHONEOS_DEPLOYMENT_TARGET = 15.0;
				MTL_ENABLE_DEBUG_INFO = NO;
				MTL_FAST_MATH = YES;
				SDKROOT = iphoneos;
				SWIFT_COMPILATION_MODE = wholemodule;
				SWIFT_OPTIMIZATION_LEVEL = "-O";
				VALIDATE_PRODUCT = YES;
			};
			name = Release;
		};
/* End XCBuildConfiguration section */

/* Begin XCConfigurationList section */
		9A516F9B2D9B12EA00AF478B /* Build configuration list for PBXNativeTarget "Flipcash" */ = {
			isa = XCConfigurationList;
			buildConfigurations = (
				9A516F9C2D9B12EA00AF478B /* Development */,
				9A516F9D2D9B12EA00AF478B /* Debug */,
				9A516F9E2D9B12EA00AF478B /* Release */,
				9A516F9F2D9B12EA00AF478B /* Release Development */,
			);
			defaultConfigurationIsVisible = 0;
			defaultConfigurationName = Release;
		};
		9A516FA02D9B12EA00AF478B /* Build configuration list for PBXNativeTarget "FlipcashTests" */ = {
			isa = XCConfigurationList;
			buildConfigurations = (
				9A516FA12D9B12EA00AF478B /* Development */,
				9A516FA22D9B12EA00AF478B /* Debug */,
				9A516FA32D9B12EA00AF478B /* Release */,
				9A516FA42D9B12EA00AF478B /* Release Development */,
			);
			defaultConfigurationIsVisible = 0;
			defaultConfigurationName = Release;
		};
		9A516FA52D9B12EA00AF478B /* Build configuration list for PBXNativeTarget "FlipcashUITests" */ = {
			isa = XCConfigurationList;
			buildConfigurations = (
				9A516FA62D9B12EA00AF478B /* Development */,
				9A516FA72D9B12EA00AF478B /* Debug */,
				9A516FA82D9B12EA00AF478B /* Release */,
				9A516FA92D9B12EA00AF478B /* Release Development */,
			);
			defaultConfigurationIsVisible = 0;
			defaultConfigurationName = Release;
		};
		9AED10FB258BE1310088D902 /* Build configuration list for PBXProject "Code" */ = {
			isa = XCConfigurationList;
			buildConfigurations = (
				9AED1123258BE1320088D902 /* Development */,
				9A1654E7268381BB000A135E /* Debug */,
				9AED1124258BE1320088D902 /* Release */,
				9A235A48297C77E100B0AADF /* Release Development */,
			);
			defaultConfigurationIsVisible = 0;
			defaultConfigurationName = Release;
		};
/* End XCConfigurationList section */

/* Begin XCLocalSwiftPackageReference section */
		9A780F952EDF817D009BC4D9 /* XCLocalSwiftPackageReference "CodeScanner" */ = {
			isa = XCLocalSwiftPackageReference;
			relativePath = CodeScanner;
		};
/* End XCLocalSwiftPackageReference section */

/* Begin XCRemoteSwiftPackageReference section */
		10A6C0E8F8974C1887219D41 /* XCRemoteSwiftPackageReference "tweetnacl-swiftwrap" */ = {
			isa = XCRemoteSwiftPackageReference;
			repositoryURL = "https://github.com/bitmark-inc/tweetnacl-swiftwrap";
			requirement = {
				kind = upToNextMajorVersion;
				minimumVersion = 1.0.2;
			};
		};
		9A1654D526790419000A135E /* XCRemoteSwiftPackageReference "grpc-swift" */ = {
			isa = XCRemoteSwiftPackageReference;
			repositoryURL = "https://github.com/grpc/grpc-swift.git";
			requirement = {
				kind = upToNextMajorVersion;
				minimumVersion = 1.22.0;
			};
		};
		9A1A827528660A6F00A4979F /* XCRemoteSwiftPackageReference "firebase-ios-sdk" */ = {
			isa = XCRemoteSwiftPackageReference;
			repositoryURL = "https://github.com/firebase/firebase-ios-sdk";
			requirement = {
				kind = upToNextMajorVersion;
				minimumVersion = 10.24.0;
			};
		};
		9A444EE52E8C414D002B1E39 /* XCRemoteSwiftPackageReference "BigDecimal" */ = {
			isa = XCRemoteSwiftPackageReference;
			repositoryURL = "https://github.com/mgriebling/BigDecimal";
			requirement = {
				kind = upToNextMajorVersion;
				minimumVersion = 3.0.2;
			};
		};
		9A476D482978884700C5B5CE /* XCRemoteSwiftPackageReference "bugsnag-cocoa" */ = {
			isa = XCRemoteSwiftPackageReference;
			repositoryURL = "https://github.com/bugsnag/bugsnag-cocoa";
			requirement = {
				branch = master;
				kind = branch;
			};
		};
		9A8D9A3D2D78C2E200E755B9 /* XCRemoteSwiftPackageReference "Kingfisher" */ = {
			isa = XCRemoteSwiftPackageReference;
			repositoryURL = "https://github.com/onevcat/Kingfisher";
			requirement = {
				kind = upToNextMajorVersion;
				minimumVersion = 8.3.0;
			};
		};
		9A9499D62CFB829300DC219B /* XCRemoteSwiftPackageReference "SQLite" */ = {
			isa = XCRemoteSwiftPackageReference;
			repositoryURL = "https://github.com/dbart01/SQLite.swift";
			requirement = {
				branch = master;
				kind = branch;
			};
		};
		9ACE172927E6287C00ACA047 /* XCRemoteSwiftPackageReference "mixpanel-swift" */ = {
			isa = XCRemoteSwiftPackageReference;
			repositoryURL = "https://github.com/mixpanel/mixpanel-swift";
			requirement = {
				kind = upToNextMajorVersion;
				minimumVersion = 4.2.5;
			};
		};
/* End XCRemoteSwiftPackageReference section */

/* Begin XCSwiftPackageProductDependency section */
		2B166ABF94584FEF9C368C81 /* TweetNacl */ = {
			isa = XCSwiftPackageProductDependency;
			package = 10A6C0E8F8974C1887219D41 /* XCRemoteSwiftPackageReference "tweetnacl-swiftwrap" */;
			productName = TweetNacl;
		};
		4CB225752F77260D0075874E /* FirebaseInstallations */ = {
			isa = XCSwiftPackageProductDependency;
			package = 9A1A827528660A6F00A4979F /* XCRemoteSwiftPackageReference "firebase-ios-sdk" */;
			productName = FirebaseInstallations;
		};
		4CB225772F7726500075874E /* FirebaseMessaging */ = {
			isa = XCSwiftPackageProductDependency;
			package = 9A1A827528660A6F00A4979F /* XCRemoteSwiftPackageReference "firebase-ios-sdk" */;
			productName = FirebaseMessaging;
		};
		9A017D682EAC1DE200216925 /* Kingfisher */ = {
			isa = XCSwiftPackageProductDependency;
			package = 9A8D9A3D2D78C2E200E755B9 /* XCRemoteSwiftPackageReference "Kingfisher" */;
			productName = Kingfisher;
		};
		9A444EE62E8C414D002B1E39 /* BigDecimal */ = {
			isa = XCSwiftPackageProductDependency;
			package = 9A444EE52E8C414D002B1E39 /* XCRemoteSwiftPackageReference "BigDecimal" */;
			productName = BigDecimal;
		};
		9A780F962EDF817D009BC4D9 /* CodeScanner */ = {
			isa = XCSwiftPackageProductDependency;
			productName = CodeScanner;
		};
		9ABDD1942D9D7B61006B6CDA /* FlipcashCore */ = {
			isa = XCSwiftPackageProductDependency;
			productName = FlipcashCore;
		};
		9AC011172DA4320F0030298E /* FlipcashUI */ = {
			isa = XCSwiftPackageProductDependency;
			productName = FlipcashUI;
		};
		9AD1265D2DA98ADC0048141F /* SQLite */ = {
			isa = XCSwiftPackageProductDependency;
			package = 9A9499D62CFB829300DC219B /* XCRemoteSwiftPackageReference "SQLite" */;
			productName = SQLite;
		};
		9ADEF1D62DD627C0001B260A /* Bugsnag */ = {
			isa = XCSwiftPackageProductDependency;
			package = 9A476D482978884700C5B5CE /* XCRemoteSwiftPackageReference "bugsnag-cocoa" */;
			productName = Bugsnag;
		};
		9ADEF1D82DD627C6001B260A /* Mixpanel */ = {
			isa = XCSwiftPackageProductDependency;
			package = 9ACE172927E6287C00ACA047 /* XCRemoteSwiftPackageReference "mixpanel-swift" */;
			productName = Mixpanel;
		};
/* End XCSwiftPackageProductDependency section */
	};
	rootObject = 9AED10F8258BE1310088D902 /* Project object */;
}
